{
  "version": 4,
  "terraform_version": "1.7.0",
  "serial": 1,
  "lineage": "efa4b9ae-62bb-01f4-c94e-79eeb7aa2dd7",
  "outputs": {},
  "resources": [
    {
      "mode": "managed",
      "type": "github_repository",
      "name": "terra_repo",
      "provider": "provider[\"registry.terraform.io/hashicorp/github\"]",
      "instances": [
        {
          "schema_version": 1,
          "attributes": {
            "allow_auto_merge": false,
            "allow_merge_commit": true,
            "allow_rebase_merge": true,
            "allow_squash_merge": true,
            "allow_update_branch": false,
            "archive_on_destroy": null,
            "archived": false,
            "auto_init": null,
            "default_branch": "main",
            "delete_branch_on_merge": false,
            "description": "create first repo by use terraform ",
            "etag": "W/\"79d3ac92290d75861f21b6eec1b71eaea4d4e2874bdc5262593b39c8f4f8f36f\"",
            "full_name": "1bilu/terraform_repository",
            "git_clone_url": "git://github.com/1bilu/terraform_repository.git",
            "gitignore_template": null,
            "has_discussions": false,
            "has_downloads": false,
            "has_issues": false,
            "has_projects": false,
            "has_wiki": false,
            "homepage_url": "",
            "html_url": "https://github.com/1bilu/terraform_repository",
            "http_clone_url": "https://github.com/1bilu/terraform_repository.git",
            "id": "terraform_repository",
            "ignore_vulnerability_alerts_during_read": null,
            "is_template": false,
            "license_template": null,
            "merge_commit_message": "PR_TITLE",
            "merge_commit_title": "MERGE_MESSAGE",
            "name": "terraform_repository",
            "node_id": "R_kgDOLRCCFw",
            "pages": [],
            "primary_language": "",
            "private": false,
            "repo_id": 756056599,
            "security_and_analysis": [
              {
                "advanced_security": [],
                "secret_scanning": [
                  {
                    "status": "disabled"
                  }
                ],
                "secret_scanning_push_protection": [
                  {
                    "status": "disabled"
                  }
                ]
              }
            ],
            "squash_merge_commit_message": "COMMIT_MESSAGES",
            "squash_merge_commit_title": "COMMIT_OR_PR_TITLE",
            "ssh_clone_url": "git@github.com:1bilu/terraform_repository.git",
            "svn_url": "https://github.com/1bilu/terraform_repository",
            "template": [],
            "topics": [],
            "visibility": "public",
            "vulnerability_alerts": false,
            "web_commit_signoff_required": false
          },
          "sensitive_attributes": [],
          "private": "eyJzY2hlbWFfdmVyc2lvbiI6IjEifQ=="
        }
      ]
    }
  ],
  "check_results": null
}
