{
  "version": 4,
  "terraform_version": "1.7.0",
  "serial": 3,
  "lineage": "af1a49f8-0ea0-b3ee-99ce-0b0cce717d06",
  "outputs": {},
  "resources": [
    {
      "mode": "managed",
      "type": "aws_vpc",
      "name": "new_vpc",
      "provider": "provider[\"registry.terraform.io/hashicorp/aws\"]",
      "instances": [
        {
          "schema_version": 1,
          "attributes": {
            "arn": "arn:aws:ec2:eu-west-3:839684713127:vpc/vpc-01ac3742b2a1ff27f",
            "assign_generated_ipv6_cidr_block": false,
            "cidr_block": "10.0.0.0/26",
            "default_network_acl_id": "acl-08d8ce4c72dcddd53",
            "default_route_table_id": "rtb-0f321499a0f228406",
            "default_security_group_id": "sg-0d2c842494e589b7c",
            "dhcp_options_id": "dopt-0ea364480b0db7103",
            "enable_dns_hostnames": false,
            "enable_dns_support": true,
            "enable_network_address_usage_metrics": false,
            "id": "vpc-01ac3742b2a1ff27f",
            "instance_tenancy": "default",
            "ipv4_ipam_pool_id": null,
            "ipv4_netmask_length": null,
            "ipv6_association_id": "",
            "ipv6_cidr_block": "",
            "ipv6_cidr_block_network_border_group": "",
            "ipv6_ipam_pool_id": "",
            "ipv6_netmask_length": 0,
            "main_route_table_id": "rtb-0f321499a0f228406",
            "owner_id": "839684713127",
            "tags": {
              "Name": "new_vpc"
            },
            "tags_all": {
              "Name": "new_vpc"
            }
          },
          "sensitive_attributes": [],
          "private": "eyJzY2hlbWFfdmVyc2lvbiI6IjEifQ=="
        }
      ]
    }
  ],
  "check_results": null
}
